// !$*UTF8*$!
{
	archiveVersion = 1;
	classes = {
	};
	objectVersion = 77;
	objects = {

/* Begin PBXBuildFile section */
		A3DA853C2DB1ADF3007E8AF6 /* FirebaseAuth in Frameworks */ = {isa = PBXBuildFile; productRef = A3DA853B2DB1ADF3007E8AF6 /* FirebaseAuth */; };
		A3DA853E2DB1ADF3007E8AF6 /* FirebaseFirestore in Frameworks */ = {isa = PBXBuildFile; productRef = A3DA853D2DB1ADF3007E8AF6 /* FirebaseFirestore */; };
		A3F788EC2DB5C4FD002B1088 /* GooglePlaces in Frameworks */ = {isa = PBXBuildFile; productRef = A3F788EB2DB5C4FD002B1088 /* GooglePlaces */; };
		A3F788EE2DB5C4FD002B1088 /* GooglePlacesSwift in Frameworks */ = {isa = PBXBuildFile; productRef = A3F788ED2DB5C4FD002B1088 /* GooglePlacesSwift */; };
/* End PBXBuildFile section */

/* Begin PBXContainerItemProxy section */
		A3E9448E2D9A0C6F0014BE60 /* PBXContainerItemProxy */ = {
			isa = PBXContainerItemProxy;
			containerPortal = A3E944752D9A0C6D0014BE60 /* Project object */;
			proxyType = 1;
			remoteGlobalIDString = A3E9447C2D9A0C6D0014BE60;
			remoteInfo = TripVisaApp;
		};
		A3E944982D9A0C6F0014BE60 /* PBXContainerItemProxy */ = {
			isa = PBXContainerItemProxy;
			containerPortal = A3E944752D9A0C6D0014BE60 /* Project object */;
			proxyType = 1;
			remoteGlobalIDString = A3E9447C2D9A0C6D0014BE60;
			remoteInfo = TripVisaApp;
		};
/* End PBXContainerItemProxy section */

/* Begin PBXFileReference section */
		A3E9447D2D9A0C6D0014BE60 /* TripVisaApp.app */ = {isa = PBXFileReference; explicitFileType = wrapper.application; includeInIndex = 0; path = TripVisaApp.app; sourceTree = BUILT_PRODUCTS_DIR; };
		A3E9448D2D9A0C6F0014BE60 /* TripVisaAppTests.xctest */ = {isa = PBXFileReference; explicitFileType = wrapper.cfbundle; includeInIndex = 0; path = TripVisaAppTests.xctest; sourceTree = BUILT_PRODUCTS_DIR; };
		A3E944972D9A0C6F0014BE60 /* TripVisaAppUITests.xctest */ = {isa = PBXFileReference; explicitFileType = wrapper.cfbundle; includeInIndex = 0; path = TripVisaAppUITests.xctest; sourceTree = BUILT_PRODUCTS_DIR; };
/* End PBXFileReference section */

/* Begin PBXFileSystemSynchronizedBuildFileExceptionSet section */
		A3F789182DB5F2A8002B1088 /* Exceptions for "TripVisaApp" folder in "TripVisaApp" target */ = {
			isa = PBXFileSystemSynchronizedBuildFileExceptionSet;
			membershipExceptions = (
				Info.plist,
			);
			target = A3E9447C2D9A0C6D0014BE60 /* TripVisaApp */;
		};
/* End PBXFileSystemSynchronizedBuildFileExceptionSet section */

/* Begin PBXFileSystemSynchronizedRootGroup section */
		A3E9447F2D9A0C6D0014BE60 /* TripVisaApp */ = {
			isa = PBXFileSystemSynchronizedRootGroup;
			exceptions = (
				A3F789182DB5F2A8002B1088 /* Exceptions for "TripVisaApp" folder in "TripVisaApp" target */,
			);
			path = TripVisaApp;
			sourceTree = "<group>";
		};
		A3E944902D9A0C6F0014BE60 /* TripVisaAppTests */ = {
			isa = PBXFileSystemSynchronizedRootGroup;
			path = TripVisaAppTests;
			sourceTree = "<group>";
		};
		A3E9449A2D9A0C6F0014BE60 /* TripVisaAppUITests */ = {
			isa = PBXFileSystemSynchronizedRootGroup;
			path = TripVisaAppUITests;
			sourceTree = "<group>";
		};
/* End PBXFileSystemSynchronizedRootGroup section */

/* Begin PBXFrameworksBuildPhase section */
		A3E9447A2D9A0C6D0014BE60 /* Frameworks */ = {
			isa = PBXFrameworksBuildPhase;
			buildActionMask = 2147483647;
			files = (
				A3F788EC2DB5C4FD002B1088 /* GooglePlaces in Frameworks */,
				A3DA853C2DB1ADF3007E8AF6 /* FirebaseAuth in Frameworks */,
				A3DA853E2DB1ADF3007E8AF6 /* FirebaseFirestore in Frameworks */,
				A3F788EE2DB5C4FD002B1088 /* GooglePlacesSwift in Frameworks */,
			);
			runOnlyForDeploymentPostprocessing = 0;
		};
		A3E9448A2D9A0C6F0014BE60 /* Frameworks */ = {
			isa = PBXFrameworksBuildPhase;
			buildActionMask = 2147483647;
			files = (
			);
			runOnlyForDeploymentPostprocessing = 0;
		};
		A3E944942D9A0C6F0014BE60 /* Frameworks */ = {
			isa = PBXFrameworksBuildPhase;
			buildActionMask = 2147483647;
			files = (
			);
			runOnlyForDeploymentPostprocessing = 0;
		};
/* End PBXFrameworksBuildPhase section */

/* Begin PBXGroup section */
		A3E944742D9A0C6D0014BE60 = {
			isa = PBXGroup;
			children = (
				A3E9447F2D9A0C6D0014BE60 /* TripVisaApp */,
				A3E944902D9A0C6F0014BE60 /* TripVisaAppTests */,
				A3E9449A2D9A0C6F0014BE60 /* TripVisaAppUITests */,
				A3E9447E2D9A0C6D0014BE60 /* Products */,
			);
			sourceTree = "<group>";
		};
		A3E9447E2D9A0C6D0014BE60 /* Products */ = {
			isa = PBXGroup;
			children = (
				A3E9447D2D9A0C6D0014BE60 /* TripVisaApp.app */,
				A3E9448D2D9A0C6F0014BE60 /* TripVisaAppTests.xctest */,
				A3E944972D9A0C6F0014BE60 /* TripVisaAppUITests.xctest */,
			);
			name = Products;
			sourceTree = "<group>";
		};
/* End PBXGroup section */

/* Begin PBXNativeTarget section */
		A3E9447C2D9A0C6D0014BE60 /* TripVisaApp */ = {
			isa = PBXNativeTarget;
			buildConfigurationList = A3E944A12D9A0C6F0014BE60 /* Build configuration list for PBXNativeTarget "TripVisaApp" */;
			buildPhases = (
				A3E944792D9A0C6D0014BE60 /* Sources */,
				A3E9447A2D9A0C6D0014BE60 /* Frameworks */,
				A3E9447B2D9A0C6D0014BE60 /* Resources */,
			);
			buildRules = (
			);
			dependencies = (
			);
			fileSystemSynchronizedGroups = (
				A3E9447F2D9A0C6D0014BE60 /* TripVisaApp */,
			);
			name = TripVisaApp;
			packageProductDependencies = (
				A3DA853B2DB1ADF3007E8AF6 /* FirebaseAuth */,
				A3DA853D2DB1ADF3007E8AF6 /* FirebaseFirestore */,
				A3F788EB2DB5C4FD002B1088 /* GooglePlaces */,
				A3F788ED2DB5C4FD002B1088 /* GooglePlacesSwift */,
			);
			productName = TripVisaApp;
			productReference = A3E9447D2D9A0C6D0014BE60 /* TripVisaApp.app */;
			productType = "com.apple.product-type.application";
		};
		A3E9448C2D9A0C6F0014BE60 /* TripVisaAppTests */ = {
			isa = PBXNativeTarget;
			buildConfigurationList = A3E944A42D9A0C6F0014BE60 /* Build configuration list for PBXNativeTarget "TripVisaAppTests" */;
			buildPhases = (
				A3E944892D9A0C6F0014BE60 /* Sources */,
				A3E9448A2D9A0C6F0014BE60 /* Frameworks */,
				A3E9448B2D9A0C6F0014BE60 /* Resources */,
			);
			buildRules = (
			);
			dependencies = (
				A3E9448F2D9A0C6F0014BE60 /* PBXTargetDependency */,
			);
			fileSystemSynchronizedGroups = (
				A3E944902D9A0C6F0014BE60 /* TripVisaAppTests */,
			);
			name = TripVisaAppTests;
			packageProductDependencies = (
			);
			productName = TripVisaAppTests;
			productReference = A3E9448D2D9A0C6F0014BE60 /* TripVisaAppTests.xctest */;
			productType = "com.apple.product-type.bundle.unit-test";
		};
		A3E944962D9A0C6F0014BE60 /* TripVisaAppUITests */ = {
			isa = PBXNativeTarget;
			buildConfigurationList = A3E944A72D9A0C6F0014BE60 /* Build configuration list for PBXNativeTarget "TripVisaAppUITests" */;
			buildPhases = (
				A3E944932D9A0C6F0014BE60 /* Sources */,
				A3E944942D9A0C6F0014BE60 /* Frameworks */,
				A3E944952D9A0C6F0014BE60 /* Resources */,
			);
			buildRules = (
			);
			dependencies = (
				A3E944992D9A0C6F0014BE60 /* PBXTargetDependency */,
			);
			fileSystemSynchronizedGroups = (
				A3E9449A2D9A0C6F0014BE60 /* TripVisaAppUITests */,
			);
			name = TripVisaAppUITests;
			packageProductDependencies = (
			);
			productName = TripVisaAppUITests;
			productReference = A3E944972D9A0C6F0014BE60 /* TripVisaAppUITests.xctest */;
			productType = "com.apple.product-type.bundle.ui-testing";
		};
/* End PBXNativeTarget section */

/* Begin PBXProject section */
		A3E944752D9A0C6D0014BE60 /* Project object */ = {
			isa = PBXProject;
			attributes = {
				BuildIndependentTargetsInParallel = 1;
				LastSwiftUpdateCheck = 1620;
				LastUpgradeCheck = 1620;
				TargetAttributes = {
					A3E9447C2D9A0C6D0014BE60 = {
						CreatedOnToolsVersion = 16.2;
					};
					A3E9448C2D9A0C6F0014BE60 = {
						CreatedOnToolsVersion = 16.2;
						TestTargetID = A3E9447C2D9A0C6D0014BE60;
					};
					A3E944962D9A0C6F0014BE60 = {
						CreatedOnToolsVersion = 16.2;
						TestTargetID = A3E9447C2D9A0C6D0014BE60;
					};
				};
			};
			buildConfigurationList = A3E944782D9A0C6D0014BE60 /* Build configuration list for PBXProject "TripVisaApp" */;
			developmentRegion = en;
			hasScannedForEncodings = 0;
			knownRegions = (
				en,
				Base,
			);
			mainGroup = A3E944742D9A0C6D0014BE60;
			minimizedProjectReferenceProxies = 1;
			packageReferences = (
				A3DA853A2DB1ADF3007E8AF6 /* XCRemoteSwiftPackageReference "firebase-ios-sdk" */,
				A3F788EA2DB5C4FD002B1088 /* XCRemoteSwiftPackageReference "ios-places-sdk" */,
			);
			preferredProjectObjectVersion = 77;
			productRefGroup = A3E9447E2D9A0C6D0014BE60 /* Products */;
			projectDirPath = "";
			projectRoot = "";
			targets = (
				A3E9447C2D9A0C6D0014BE60 /* TripVisaApp */,
				A3E9448C2D9A0C6F0014BE60 /* TripVisaAppTests */,
				A3E944962D9A0C6F0014BE60 /* TripVisaAppUITests */,
			);
		};
/* End PBXProject section */

/* Begin PBXResourcesBuildPhase section */
		A3E9447B2D9A0C6D0014BE60 /* Resources */ = {
			isa = PBXResourcesBuildPhase;
			buildActionMask = 2147483647;
			files = (
			);
			runOnlyForDeploymentPostprocessing = 0;
		};
		A3E9448B2D9A0C6F0014BE60 /* Resources */ = {
			isa = PBXResourcesBuildPhase;
			buildActionMask = 2147483647;
			files = (
			);
			runOnlyForDeploymentPostprocessing = 0;
		};
		A3E944952D9A0C6F0014BE60 /* Resources */ = {
			isa = PBXResourcesBuildPhase;
			buildActionMask = 2147483647;
			files = (
			);
			runOnlyForDeploymentPostprocessing = 0;
		};
/* End PBXResourcesBuildPhase section */

/* Begin PBXSourcesBuildPhase section */
		A3E944792D9A0C6D0014BE60 /* Sources */ = {
			isa = PBXSourcesBuildPhase;
			buildActionMask = 2147483647;
			files = (
			);
			runOnlyForDeploymentPostprocessing = 0;
		};
		A3E944892D9A0C6F0014BE60 /* Sources */ = {
			isa = PBXSourcesBuildPhase;
			buildActionMask = 2147483647;
			files = (
			);
			runOnlyForDeploymentPostprocessing = 0;
		};
		A3E944932D9A0C6F0014BE60 /* Sources */ = {
			isa = PBXSourcesBuildPhase;
			buildActionMask = 2147483647;
			files = (
			);
			runOnlyForDeploymentPostprocessing = 0;
		};
/* End PBXSourcesBuildPhase section */

/* Begin PBXTargetDependency section */
		A3E9448F2D9A0C6F0014BE60 /* PBXTargetDependency */ = {
			isa = PBXTargetDependency;
			target = A3E9447C2D9A0C6D0014BE60 /* TripVisaApp */;
			targetProxy = A3E9448E2D9A0C6F0014BE60 /* PBXContainerItemProxy */;
		};
		A3E944992D9A0C6F0014BE60 /* PBXTargetDependency */ = {
			isa = PBXTargetDependency;
			target = A3E9447C2D9A0C6D0014BE60 /* TripVisaApp */;
			targetProxy = A3E944982D9A0C6F0014BE60 /* PBXContainerItemProxy */;
		};
/* End PBXTargetDependency section */

/* Begin XCBuildConfiguration section */
		A3E9449F2D9A0C6F0014BE60 /* Debug */ = {
			isa = XCBuildConfiguration;
			buildSettings = {
				ALWAYS_SEARCH_USER_PATHS = NO;
				ASSETCATALOG_COMPILER_GENERATE_SWIFT_ASSET_SYMBOL_EXTENSIONS = YES;
				CLANG_ANALYZER_NONNULL = YES;
				CLANG_ANALYZER_NUMBER_OBJECT_CONVERSION = YES_AGGRESSIVE;
				CLANG_CXX_LANGUAGE_STANDARD = "gnu++20";
				CLANG_ENABLE_MODULES = YES;
				CLANG_ENABLE_OBJC_ARC = YES;
				CLANG_ENABLE_OBJC_WEAK = YES;
				CLANG_WARN_BLOCK_CAPTURE_AUTORELEASING = YES;
				CLANG_WARN_BOOL_CONVERSION = YES;
				CLANG_WARN_COMMA = YES;
				CLANG_WARN_CONSTANT_CONVERSION = YES;
				CLANG_WARN_DEPRECATED_OBJC_IMPLEMENTATIONS = YES;
				CLANG_WARN_DIRECT_OBJC_ISA_USAGE = YES_ERROR;
				CLANG_WARN_DOCUMENTATION_COMMENTS = YES;
				CLANG_WARN_EMPTY_BODY = YES;
				CLANG_WARN_ENUM_CONVERSION = YES;
				CLANG_WARN_INFINITE_RECURSION = YES;
				CLANG_WARN_INT_CONVERSION = YES;
				CLANG_WARN_NON_LITERAL_NULL_CONVERSION = YES;
				CLANG_WARN_OBJC_IMPLICIT_RETAIN_SELF = YES;
				CLANG_WARN_OBJC_LITERAL_CONVERSION = YES;
				CLANG_WARN_OBJC_ROOT_CLASS = YES_ERROR;
				CLANG_WARN_QUOTED_INCLUDE_IN_FRAMEWORK_HEADER = YES;
				CLANG_WARN_RANGE_LOOP_ANALYSIS = YES;
				CLANG_WARN_STRICT_PROTOTYPES = YES;
				CLANG_WARN_SUSPICIOUS_MOVE = YES;
				CLANG_WARN_UNGUARDED_AVAILABILITY = YES_AGGRESSIVE;
				CLANG_WARN_UNREACHABLE_CODE = YES;
				CLANG_WARN__DUPLICATE_METHOD_MATCH = YES;
				COPY_PHASE_STRIP = NO;
				DEBUG_INFORMATION_FORMAT = dwarf;
				ENABLE_STRICT_OBJC_MSGSEND = YES;
				ENABLE_TESTABILITY = YES;
				ENABLE_USER_SCRIPT_SANDBOXING = YES;
				GCC_C_LANGUAGE_STANDARD = gnu17;
				GCC_DYNAMIC_NO_PIC = NO;
				GCC_NO_COMMON_BLOCKS = YES;
				GCC_OPTIMIZATION_LEVEL = 0;
				GCC_PREPROCESSOR_DEFINITIONS = (
					"DEBUG=1",
					"$(inherited)",
				);
				GCC_WARN_64_TO_32_BIT_CONVERSION = YES;
				GCC_WARN_ABOUT_RETURN_TYPE = YES_ERROR;
				GCC_WARN_UNDECLARED_SELECTOR = YES;
				GCC_WARN_UNINITIALIZED_AUTOS = YES_AGGRESSIVE;
				GCC_WARN_UNUSED_FUNCTION = YES;
				GCC_WARN_UNUSED_VARIABLE = YES;
				IPHONEOS_DEPLOYMENT_TARGET = 18.2;
				LOCALIZATION_PREFERS_STRING_CATALOGS = YES;
				MTL_ENABLE_DEBUG_INFO = INCLUDE_SOURCE;
				MTL_FAST_MATH = YES;
				ONLY_ACTIVE_ARCH = YES;
				SDKROOT = iphoneos;
				SWIFT_ACTIVE_COMPILATION_CONDITIONS = "DEBUG $(inherited)";
				SWIFT_OPTIMIZATION_LEVEL = "-Onone";
			};
			name = Debug;
		};
		A3E944A02D9A0C6F0014BE60 /* Release */ = {
			isa = XCBuildConfiguration;
			buildSettings = {
				ALWAYS_SEARCH_USER_PATHS = NO;
				ASSETCATALOG_COMPILER_GENERATE_SWIFT_ASSET_SYMBOL_EXTENSIONS = YES;
				CLANG_ANALYZER_NONNULL = YES;
				CLANG_ANALYZER_NUMBER_OBJECT_CONVERSION = YES_AGGRESSIVE;
				CLANG_CXX_LANGUAGE_STANDARD = "gnu++20";
				CLANG_ENABLE_MODULES = YES;
				CLANG_ENABLE_OBJC_ARC = YES;
				CLANG_ENABLE_OBJC_WEAK = YES;
				CLANG_WARN_BLOCK_CAPTURE_AUTORELEASING = YES;
				CLANG_WARN_BOOL_CONVERSION = YES;
				CLANG_WARN_COMMA = YES;
				CLANG_WARN_CONSTANT_CONVERSION = YES;
				CLANG_WARN_DEPRECATED_OBJC_IMPLEMENTATIONS = YES;
				CLANG_WARN_DIRECT_OBJC_ISA_USAGE = YES_ERROR;
				CLANG_WARN_DOCUMENTATION_COMMENTS = YES;
				CLANG_WARN_EMPTY_BODY = YES;
				CLANG_WARN_ENUM_CONVERSION = YES;
				CLANG_WARN_INFINITE_RECURSION = YES;
				CLANG_WARN_INT_CONVERSION = YES;
				CLANG_WARN_NON_LITERAL_NULL_CONVERSION = YES;
				CLANG_WARN_OBJC_IMPLICIT_RETAIN_SELF = YES;
				CLANG_WARN_OBJC_LITERAL_CONVERSION = YES;
				CLANG_WARN_OBJC_ROOT_CLASS = YES_ERROR;
				CLANG_WARN_QUOTED_INCLUDE_IN_FRAMEWORK_HEADER = YES;
				CLANG_WARN_RANGE_LOOP_ANALYSIS = YES;
				CLANG_WARN_STRICT_PROTOTYPES = YES;
				CLANG_WARN_SUSPICIOUS_MOVE = YES;
				CLANG_WARN_UNGUARDED_AVAILABILITY = YES_AGGRESSIVE;
				CLANG_WARN_UNREACHABLE_CODE = YES;
				CLANG_WARN__DUPLICATE_METHOD_MATCH = YES;
				COPY_PHASE_STRIP = NO;
				DEBUG_INFORMATION_FORMAT = "dwarf-with-dsym";
				ENABLE_NS_ASSERTIONS = NO;
				ENABLE_STRICT_OBJC_MSGSEND = YES;
				ENABLE_USER_SCRIPT_SANDBOXING = YES;
				GCC_C_LANGUAGE_STANDARD = gnu17;
				GCC_NO_COMMON_BLOCKS = YES;
				GCC_WARN_64_TO_32_BIT_CONVERSION = YES;
				GCC_WARN_ABOUT_RETURN_TYPE = YES_ERROR;
				GCC_WARN_UNDECLARED_SELECTOR = YES;
				GCC_WARN_UNINITIALIZED_AUTOS = YES_AGGRESSIVE;
				GCC_WARN_UNUSED_FUNCTION = YES;
				GCC_WARN_UNUSED_VARIABLE = YES;
				IPHONEOS_DEPLOYMENT_TARGET = 18.2;
				LOCALIZATION_PREFERS_STRING_CATALOGS = YES;
				MTL_ENABLE_DEBUG_INFO = NO;
				MTL_FAST_MATH = YES;
				SDKROOT = iphoneos;
				SWIFT_COMPILATION_MODE = wholemodule;
				VALIDATE_PRODUCT = YES;
			};
			name = Release;
		};
		A3E944A22D9A0C6F0014BE60 /* Debug */ = {
			isa = XCBuildConfiguration;
			buildSettings = {
				ASSETCATALOG_COMPILER_APPICON_NAME = AppIcon;
				ASSETCATALOG_COMPILER_GLOBAL_ACCENT_COLOR_NAME = AccentColor;
				CODE_SIGN_STYLE = Automatic;
				CURRENT_PROJECT_VERSION = 1;
				DEVELOPMENT_ASSET_PATHS = "\"TripVisaApp/Preview Content\"";
				DEVELOPMENT_TEAM = R22JL9N9N9;
				ENABLE_PREVIEWS = YES;
				GENERATE_INFOPLIST_FILE = YES;
				INFOPLIST_FILE = TripVisaApp/Info.plist;
				INFOPLIST_KEY_NSLocationWhenInUseUsageDescription = "We need your location to show nearby trips & places.";
				INFOPLIST_KEY_UIApplicationSceneManifest_Generation = YES;
				INFOPLIST_KEY_UIApplicationSupportsIndirectInputEvents = YES;
				INFOPLIST_KEY_UILaunchScreen_Generation = YES;
				INFOPLIST_KEY_UISupportedInterfaceOrientations_iPad = "UIInterfaceOrientationPortrait UIInterfaceOrientationPortraitUpsideDown UIInterfaceOrientationLandscapeLeft UIInterfaceOrientationLandscapeRight";
				INFOPLIST_KEY_UISupportedInterfaceOrientations_iPhone = "UIInterfaceOrientationPortrait UIInterfaceOrientationLandscapeLeft UIInterfaceOrientationLandscapeRight";
				IPHONEOS_DEPLOYMENT_TARGET = 17.6;
				LD_RUNPATH_SEARCH_PATHS = (
					"$(inherited)",
					"@executable_path/Frameworks",
				);
				MARKETING_VERSION = 1.0;
				PRODUCT_BUNDLE_IDENTIFIER = com.asu.TripVisaApp;
				PRODUCT_NAME = "$(TARGET_NAME)";
				SWIFT_EMIT_LOC_STRINGS = YES;
				SWIFT_VERSION = 5.0;
				TARGETED_DEVICE_FAMILY = "1,2";
			};
			name = Debug;
		};
		A3E944A32D9A0C6F0014BE60 /* Release */ = {
			isa = XCBuildConfiguration;
			buildSettings = {
				ASSETCATALOG_COMPILER_APPICON_NAME = AppIcon;
				ASSETCATALOG_COMPILER_GLOBAL_ACCENT_COLOR_NAME = AccentColor;
				CODE_SIGN_STYLE = Automatic;
				CURRENT_PROJECT_VERSION = 1;
				DEVELOPMENT_ASSET_PATHS = "\"TripVisaApp/Preview Content\"";
				DEVELOPMENT_TEAM = R22JL9N9N9;
				ENABLE_PREVIEWS = YES;
				GENERATE_INFOPLIST_FILE = YES;
				INFOPLIST_FILE = TripVisaApp/Info.plist;
				INFOPLIST_KEY_NSLocationWhenInUseUsageDescription = "We need your location to show nearby trips & places.";
				INFOPLIST_KEY_UIApplicationSceneManifest_Generation = YES;
				INFOPLIST_KEY_UIApplicationSupportsIndirectInputEvents = YES;
				INFOPLIST_KEY_UILaunchScreen_Generation = YES;
				INFOPLIST_KEY_UISupportedInterfaceOrientations_iPad = "UIInterfaceOrientationPortrait UIInterfaceOrientationPortraitUpsideDown UIInterfaceOrientationLandscapeLeft UIInterfaceOrientationLandscapeRight";
				INFOPLIST_KEY_UISupportedInterfaceOrientations_iPhone = "UIInterfaceOrientationPortrait UIInterfaceOrientationLandscapeLeft UIInterfaceOrientationLandscapeRight";
				IPHONEOS_DEPLOYMENT_TARGET = 17.6;
				LD_RUNPATH_SEARCH_PATHS = (
					"$(inherited)",
					"@executable_path/Frameworks",
				);
				MARKETING_VERSION = 1.0;
				PRODUCT_BUNDLE_IDENTIFIER = com.asu.TripVisaApp;
				PRODUCT_NAME = "$(TARGET_NAME)";
				SWIFT_EMIT_LOC_STRINGS = YES;
				SWIFT_VERSION = 5.0;
				TARGETED_DEVICE_FAMILY = "1,2";
			};
			name = Release;
		};
		A3E944A52D9A0C6F0014BE60 /* Debug */ = {
			isa = XCBuildConfiguration;
			buildSettings = {
				BUNDLE_LOADER = "$(TEST_HOST)";
				CODE_SIGN_STYLE = Automatic;
				CURRENT_PROJECT_VERSION = 1;
				DEVELOPMENT_TEAM = R22JL9N9N9;
				GENERATE_INFOPLIST_FILE = YES;
				IPHONEOS_DEPLOYMENT_TARGET = 18.2;
				MARKETING_VERSION = 1.0;
				PRODUCT_BUNDLE_IDENTIFIER = com.asu.TripVisaAppTests;
				PRODUCT_NAME = "$(TARGET_NAME)";
				SWIFT_EMIT_LOC_STRINGS = NO;
				SWIFT_VERSION = 5.0;
				TARGETED_DEVICE_FAMILY = "1,2";
				TEST_HOST = "$(BUILT_PRODUCTS_DIR)/TripVisaApp.app/$(BUNDLE_EXECUTABLE_FOLDER_PATH)/TripVisaApp";
			};
			name = Debug;
		};
		A3E944A62D9A0C6F0014BE60 /* Release */ = {
			isa = XCBuildConfiguration;
			buildSettings = {
				BUNDLE_LOADER = "$(TEST_HOST)";
				CODE_SIGN_STYLE = Automatic;
				CURRENT_PROJECT_VERSION = 1;
				DEVELOPMENT_TEAM = R22JL9N9N9;
				GENERATE_INFOPLIST_FILE = YES;
				IPHONEOS_DEPLOYMENT_TARGET = 18.2;
				MARKETING_VERSION = 1.0;
				PRODUCT_BUNDLE_IDENTIFIER = com.asu.TripVisaAppTests;
				PRODUCT_NAME = "$(TARGET_NAME)";
				SWIFT_EMIT_LOC_STRINGS = NO;
				SWIFT_VERSION = 5.0;
				TARGETED_DEVICE_FAMILY = "1,2";
				TEST_HOST = "$(BUILT_PRODUCTS_DIR)/TripVisaApp.app/$(BUNDLE_EXECUTABLE_FOLDER_PATH)/TripVisaApp";
			};
			name = Release;
		};
		A3E944A82D9A0C6F0014BE60 /* Debug */ = {
			isa = XCBuildConfiguration;
			buildSettings = {
				CODE_SIGN_STYLE = Automatic;
				CURRENT_PROJECT_VERSION = 1;
				DEVELOPMENT_TEAM = R22JL9N9N9;
				GENERATE_INFOPLIST_FILE = YES;
				MARKETING_VERSION = 1.0;
				PRODUCT_BUNDLE_IDENTIFIER = com.asu.TripVisaAppUITests;
				PRODUCT_NAME = "$(TARGET_NAME)";
				SWIFT_EMIT_LOC_STRINGS = NO;
				SWIFT_VERSION = 5.0;
				TARGETED_DEVICE_FAMILY = "1,2";
				TEST_TARGET_NAME = TripVisaApp;
			};
			name = Debug;
		};
		A3E944A92D9A0C6F0014BE60 /* Release */ = {
			isa = XCBuildConfiguration;
			buildSettings = {
				CODE_SIGN_STYLE = Automatic;
				CURRENT_PROJECT_VERSION = 1;
				DEVELOPMENT_TEAM = R22JL9N9N9;
				GENERATE_INFOPLIST_FILE = YES;
				MARKETING_VERSION = 1.0;
				PRODUCT_BUNDLE_IDENTIFIER = com.asu.TripVisaAppUITests;
				PRODUCT_NAME = "$(TARGET_NAME)";
				SWIFT_EMIT_LOC_STRINGS = NO;
				SWIFT_VERSION = 5.0;
				TARGETED_DEVICE_FAMILY = "1,2";
				TEST_TARGET_NAME = TripVisaApp;
			};
			name = Release;
		};
/* End XCBuildConfiguration section */

/* Begin XCConfigurationList section */
		A3E944782D9A0C6D0014BE60 /* Build configuration list for PBXProject "TripVisaApp" */ = {
			isa = XCConfigurationList;
			buildConfigurations = (
				A3E9449F2D9A0C6F0014BE60 /* Debug */,
				A3E944A02D9A0C6F0014BE60 /* Release */,
			);
			defaultConfigurationIsVisible = 0;
			defaultConfigurationName = Release;
		};
		A3E944A12D9A0C6F0014BE60 /* Build configuration list for PBXNativeTarget "TripVisaApp" */ = {
			isa = XCConfigurationList;
			buildConfigurations = (
				A3E944A22D9A0C6F0014BE60 /* Debug */,
				A3E944A32D9A0C6F0014BE60 /* Release */,
			);
			defaultConfigurationIsVisible = 0;
			defaultConfigurationName = Release;
		};
		A3E944A42D9A0C6F0014BE60 /* Build configuration list for PBXNativeTarget "TripVisaAppTests" */ = {
			isa = XCConfigurationList;
			buildConfigurations = (
				A3E944A52D9A0C6F0014BE60 /* Debug */,
				A3E944A62D9A0C6F0014BE60 /* Release */,
			);
			defaultConfigurationIsVisible = 0;
			defaultConfigurationName = Release;
		};
		A3E944A72D9A0C6F0014BE60 /* Build configuration list for PBXNativeTarget "TripVisaAppUITests" */ = {
			isa = XCConfigurationList;
			buildConfigurations = (
				A3E944A82D9A0C6F0014BE60 /* Debug */,
				A3E944A92D9A0C6F0014BE60 /* Release */,
			);
			defaultConfigurationIsVisible = 0;
			defaultConfigurationName = Release;
		};
/* End XCConfigurationList section */

/* Begin XCRemoteSwiftPackageReference section */
		A3DA853A2DB1ADF3007E8AF6 /* XCRemoteSwiftPackageReference "firebase-ios-sdk" */ = {
			isa = XCRemoteSwiftPackageReference;
			repositoryURL = "https://github.com/firebase/firebase-ios-sdk";
			requirement = {
				kind = upToNextMajorVersion;
				minimumVersion = 11.11.0;
			};
		};
		A3F788EA2DB5C4FD002B1088 /* XCRemoteSwiftPackageReference "ios-places-sdk" */ = {
			isa = XCRemoteSwiftPackageReference;
			repositoryURL = "https://github.com/googlemaps/ios-places-sdk";
			requirement = {
				kind = upToNextMajorVersion;
				minimumVersion = 9.4.1;
			};
		};
/* End XCRemoteSwiftPackageReference section */

/* Begin XCSwiftPackageProductDependency section */
		A3DA853B2DB1ADF3007E8AF6 /* FirebaseAuth */ = {
			isa = XCSwiftPackageProductDependency;
			package = A3DA853A2DB1ADF3007E8AF6 /* XCRemoteSwiftPackageReference "firebase-ios-sdk" */;
			productName = FirebaseAuth;
		};
		A3DA853D2DB1ADF3007E8AF6 /* FirebaseFirestore */ = {
			isa = XCSwiftPackageProductDependency;
			package = A3DA853A2DB1ADF3007E8AF6 /* XCRemoteSwiftPackageReference "firebase-ios-sdk" */;
			productName = FirebaseFirestore;
		};
		A3F788EB2DB5C4FD002B1088 /* GooglePlaces */ = {
			isa = XCSwiftPackageProductDependency;
			package = A3F788EA2DB5C4FD002B1088 /* XCRemoteSwiftPackageReference "ios-places-sdk" */;
			productName = GooglePlaces;
		};
		A3F788ED2DB5C4FD002B1088 /* GooglePlacesSwift */ = {
			isa = XCSwiftPackageProductDependency;
			package = A3F788EA2DB5C4FD002B1088 /* XCRemoteSwiftPackageReference "ios-places-sdk" */;
			productName = GooglePlacesSwift;
		};
/* End XCSwiftPackageProductDependency section */
	};
	rootObject = A3E944752D9A0C6D0014BE60 /* Project object */;
}
